
Microsoft Visual Studio Solution File, Format Version 12.00
# Visual Studio Version 17
VisualStudioVersion = 17.8.34004.107
MinimumVisualStudioVersion = 10.0.40219.1
Project("{9A19103F-16F7-4668-BE54-9A1E7A4F7556}") = "Veldrid.Maui.Controls", "Veldrid.Maui.Controls\Veldrid.Maui.Controls.csproj", "{41BF8F4B-FE3E-457C-AAC0-6D6F4102EC1B}"
EndProject
Project("{9A19103F-16F7-4668-BE54-9A1E7A4F7556}") = "Veldrid.Maui.Controls.Samples.Core", "Veldrid.Maui.Controls.Samples.Core\Veldrid.Maui.Controls.Samples.Core.csproj", "{FE3776D9-113E-4033-B17C-78528562B5BC}"
EndProject
Project("{9A19103F-16F7-4668-BE54-9A1E7A4F7556}") = "Veldrid.Maui.Controls.Samples", "Veldrid.Maui.Controls.Samples\Veldrid.Maui.Controls.Samples.csproj", "{C2572602-9CE2-4D73-BE36-671338FDF72F}"
EndProject
Global
	GlobalSection(SolutionConfigurationPlatforms) = preSolution
		Debug|Any CPU = Debug|Any CPU
		Release|Any CPU = Release|Any CPU
	EndGlobalSection
	GlobalSection(ProjectConfigurationPlatforms) = postSolution
		{41BF8F4B-FE3E-457C-AAC0-6D6F4102EC1B}.Debug|Any CPU.ActiveCfg = Debug|Any CPU
		{41BF8F4B-FE3E-457C-AAC0-6D6F4102EC1B}.Debug|Any CPU.Build.0 = Debug|Any CPU
		{41BF8F4B-FE3E-457C-AAC0-6D6F4102EC1B}.Release|Any CPU.ActiveCfg = Release|Any CPU
		{41BF8F4B-FE3E-457C-AAC0-6D6F4102EC1B}.Release|Any CPU.Build.0 = Release|Any CPU
		{FE3776D9-113E-4033-B17C-78528562B5BC}.Debug|Any CPU.ActiveCfg = Debug|Any CPU
		{FE3776D9-113E-4033-B17C-78528562B5BC}.Debug|Any CPU.Build.0 = Debug|Any CPU
		{FE3776D9-113E-4033-B17C-78528562B5BC}.Release|Any CPU.ActiveCfg = Release|Any CPU
		{FE3776D9-113E-4033-B17C-78528562B5BC}.Release|Any CPU.Build.0 = Release|Any CPU
		{C2572602-9CE2-4D73-BE36-671338FDF72F}.Debug|Any CPU.ActiveCfg = Debug|Any CPU
		{C2572602-9CE2-4D73-BE36-671338FDF72F}.Debug|Any CPU.Build.0 = Debug|Any CPU
		{C2572602-9CE2-4D73-BE36-671338FDF72F}.Debug|Any CPU.Deploy.0 = Debug|Any CPU
		{C2572602-9CE2-4D73-BE36-671338FDF72F}.Release|Any CPU.ActiveCfg = Release|Any CPU
		{C2572602-9CE2-4D73-BE36-671338FDF72F}.Release|Any CPU.Build.0 = Release|Any CPU
		{C2572602-9CE2-4D73-BE36-671338FDF72F}.Release|Any CPU.Deploy.0 = Release|Any CPU
	EndGlobalSection
	GlobalSection(SolutionProperties) = preSolution
		HideSolutionNode = FALSE
	EndGlobalSection
	GlobalSection(ExtensibilityGlobals) = postSolution
		SolutionGuid = {D06751FF-275D-45D3-A0F2-85854A89540C}
	EndGlobalSection
EndGlobal
